// !$*UTF8*$!
{
	archiveVersion = 1;
	classes = {
	};
	objectVersion = 50;
	objects = {

/* Begin PBXBuildFile section */
		24B46C45B90BA4391021E53B /* Pods_SimpleCamMapExample.framework in Frameworks */ = {isa = PBXBuildFile; fileRef = 50486FFF58B5F82E9F77AE16 /* Pods_SimpleCamMapExample.framework */; };
		57F0ED9C218350470044E781 /* AppDelegate.swift in Sources */ = {isa = PBXBuildFile; fileRef = 57F0ED9B218350470044E781 /* AppDelegate.swift */; };
		57F0ED9E218350470044E781 /* ViewController.swift in Sources */ = {isa = PBXBuildFile; fileRef = 57F0ED9D218350470044E781 /* ViewController.swift */; };
		57F0EDA1218350470044E781 /* Main.storyboard in Resources */ = {isa = PBXBuildFile; fileRef = 57F0ED9F218350470044E781 /* Main.storyboard */; };
		57F0EDA3218350480044E781 /* Assets.xcassets in Resources */ = {isa = PBXBuildFile; fileRef = 57F0EDA2218350480044E781 /* Assets.xcassets */; };
		57F0EDA6218350480044E781 /* LaunchScreen.storyboard in Resources */ = {isa = PBXBuildFile; fileRef = 57F0EDA4218350480044E781 /* LaunchScreen.storyboard */; };
/* End PBXBuildFile section */

/* Begin PBXFileReference section */
		50486FFF58B5F82E9F77AE16 /* Pods_SimpleCamMapExample.framework */ = {isa = PBXFileReference; explicitFileType = wrapper.framework; includeInIndex = 0; path = Pods_SimpleCamMapExample.framework; sourceTree = BUILT_PRODUCTS_DIR; };
		57F0ED98218350470044E781 /* SimpleCamMapExample.app */ = {isa = PBXFileReference; explicitFileType = wrapper.application; includeInIndex = 0; path = SimpleCamMapExample.app; sourceTree = BUILT_PRODUCTS_DIR; };
		57F0ED9B218350470044E781 /* AppDelegate.swift */ = {isa = PBXFileReference; lastKnownFileType = sourcecode.swift; path = AppDelegate.swift; sourceTree = "<group>"; };
		57F0ED9D218350470044E781 /* ViewController.swift */ = {isa = PBXFileReference; lastKnownFileType = sourcecode.swift; path = ViewController.swift; sourceTree = "<group>"; };
		57F0EDA0218350470044E781 /* Base */ = {isa = PBXFileReference; lastKnownFileType = file.storyboard; name = Base; path = Base.lproj/Main.storyboard; sourceTree = "<group>"; };
		57F0EDA2218350480044E781 /* Assets.xcassets */ = {isa = PBXFileReference; lastKnownFileType = folder.assetcatalog; path = Assets.xcassets; sourceTree = "<group>"; };
		57F0EDA5218350480044E781 /* Base */ = {isa = PBXFileReference; lastKnownFileType = file.storyboard; name = Base; path = Base.lproj/LaunchScreen.storyboard; sourceTree = "<group>"; };
		57F0EDA7218350480044E781 /* Info.plist */ = {isa = PBXFileReference; lastKnownFileType = text.plist.xml; path = Info.plist; sourceTree = "<group>"; };
		6A41725B301CA82A3903B64A /* Pods-SimpleCamMapExample.release.xcconfig */ = {isa = PBXFileReference; includeInIndex = 1; lastKnownFileType = text.xcconfig; name = "Pods-SimpleCamMapExample.release.xcconfig"; path = "Pods/Target Support Files/Pods-SimpleCamMapExample/Pods-SimpleCamMapExample.release.xcconfig"; sourceTree = "<group>"; };
		C3CF7498F31ACC5E63D27A03 /* Pods-SimpleCamMapExample.debug.xcconfig */ = {isa = PBXFileReference; includeInIndex = 1; lastKnownFileType = text.xcconfig; name = "Pods-SimpleCamMapExample.debug.xcconfig"; path = "Pods/Target Support Files/Pods-SimpleCamMapExample/Pods-SimpleCamMapExample.debug.xcconfig"; sourceTree = "<group>"; };
/* End PBXFileReference section */

/* Begin PBXFrameworksBuildPhase section */
		57F0ED95218350470044E781 /* Frameworks */ = {
			isa = PBXFrameworksBuildPhase;
			buildActionMask = 2147483647;
			files = (
				24B46C45B90BA4391021E53B /* Pods_SimpleCamMapExample.framework in Frameworks */,
			);
			runOnlyForDeploymentPostprocessing = 0;
		};
/* End PBXFrameworksBuildPhase section */

/* Begin PBXGroup section */
		1F8B7172D3AEE51A2095C156 /* Pods */ = {
			isa = PBXGroup;
			children = (
				C3CF7498F31ACC5E63D27A03 /* Pods-SimpleCamMapExample.debug.xcconfig */,
				6A41725B301CA82A3903B64A /* Pods-SimpleCamMapExample.release.xcconfig */,
			);
			name = Pods;
			sourceTree = "<group>";
		};
		57F0ED8F218350470044E781 = {
			isa = PBXGroup;
			children = (
				57F0ED9A218350470044E781 /* SimpleCamMapExample */,
				57F0ED99218350470044E781 /* Products */,
				1F8B7172D3AEE51A2095C156 /* Pods */,
				8D38D9B6238B462D9CD4E2B9 /* Frameworks */,
			);
			sourceTree = "<group>";
		};
		57F0ED99218350470044E781 /* Products */ = {
			isa = PBXGroup;
			children = (
				57F0ED98218350470044E781 /* SimpleCamMapExample.app */,
			);
			name = Products;
			sourceTree = "<group>";
		};
		57F0ED9A218350470044E781 /* SimpleCamMapExample */ = {
			isa = PBXGroup;
			children = (
				57F0ED9B218350470044E781 /* AppDelegate.swift */,
				57F0ED9D218350470044E781 /* ViewController.swift */,
				57F0ED9F218350470044E781 /* Main.storyboard */,
				57F0EDA2218350480044E781 /* Assets.xcassets */,
				57F0EDA4218350480044E781 /* LaunchScreen.storyboard */,
				57F0EDA7218350480044E781 /* Info.plist */,
			);
			path = SimpleCamMapExample;
			sourceTree = "<group>";
		};
		8D38D9B6238B462D9CD4E2B9 /* Frameworks */ = {
			isa = PBXGroup;
			children = (
				50486FFF58B5F82E9F77AE16 /* Pods_SimpleCamMapExample.framework */,
			);
			name = Frameworks;
			sourceTree = "<group>";
		};
/* End PBXGroup section */

/* Begin PBXNativeTarget section */
		57F0ED97218350470044E781 /* SimpleCamMapExample */ = {
			isa = PBXNativeTarget;
			buildConfigurationList = 57F0EDAA218350480044E781 /* Build configuration list for PBXNativeTarget "SimpleCamMapExample" */;
			buildPhases = (
				70BF59820818D62EA0307B97 /* [CP] Check Pods Manifest.lock */,
				57F0ED94218350470044E781 /* Sources */,
				57F0ED95218350470044E781 /* Frameworks */,
				57F0ED96218350470044E781 /* Resources */,
				DABCDBD95BC90F6D0A6768F1 /* [CP] Embed Pods Frameworks */,
			);
			buildRules = (
			);
			dependencies = (
			);
			name = SimpleCamMapExample;
			productName = SimpleCamMapExample;
			productReference = 57F0ED98218350470044E781 /* SimpleCamMapExample.app */;
			productType = "com.apple.product-type.application";
		};
/* End PBXNativeTarget section */

/* Begin PBXProject section */
		57F0ED90218350470044E781 /* Project object */ = {
			isa = PBXProject;
			attributes = {
				LastSwiftUpdateCheck = 1000;
				LastUpgradeCheck = 1000;
				ORGANIZATIONNAME = "Humberto Aquino";
				TargetAttributes = {
					57F0ED97218350470044E781 = {
						CreatedOnToolsVersion = 10.0;
					};
				};
			};
			buildConfigurationList = 57F0ED93218350470044E781 /* Build configuration list for PBXProject "SimpleCamMapExample" */;
			compatibilityVersion = "Xcode 9.3";
			developmentRegion = en;
			hasScannedForEncodings = 0;
			knownRegions = (
				en,
				Base,
			);
			mainGroup = 57F0ED8F218350470044E781;
			productRefGroup = 57F0ED99218350470044E781 /* Products */;
			projectDirPath = "";
			projectRoot = "";
			targets = (
				57F0ED97218350470044E781 /* SimpleCamMapExample */,
			);
		};
/* End PBXProject section */

/* Begin PBXResourcesBuildPhase section */
		57F0ED96218350470044E781 /* Resources */ = {
			isa = PBXResourcesBuildPhase;
			buildActionMask = 2147483647;
			files = (
				57F0EDA6218350480044E781 /* LaunchScreen.storyboard in Resources */,
				57F0EDA3218350480044E781 /* Assets.xcassets in Resources */,
				57F0EDA1218350470044E781 /* Main.storyboard in Resources */,
			);
			runOnlyForDeploymentPostprocessing = 0;
		};
/* End PBXResourcesBuildPhase section */

/* Begin PBXShellScriptBuildPhase section */
		70BF59820818D62EA0307B97 /* [CP] Check Pods Manifest.lock */ = {
			isa = PBXShellScriptBuildPhase;
			buildActionMask = 2147483647;
			files = (
			);
			inputFileListPaths = (
			);
			inputPaths = (
				"${PODS_PODFILE_DIR_PATH}/Podfile.lock",
				"${PODS_ROOT}/Manifest.lock",
			);
			name = "[CP] Check Pods Manifest.lock";
			outputFileListPaths = (
			);
			outputPaths = (
				"$(DERIVED_FILE_DIR)/Pods-SimpleCamMapExample-checkManifestLockResult.txt",
			);
			runOnlyForDeploymentPostprocessing = 0;
			shellPath = /bin/sh;
			shellScript = "diff \"${PODS_PODFILE_DIR_PATH}/Podfile.lock\" \"${PODS_ROOT}/Manifest.lock\" > /dev/null\nif [ $? != 0 ] ; then\n    # print error to STDERR\n    echo \"error: The sandbox is not in sync with the Podfile.lock. Run 'pod install' or update your CocoaPods installation.\" >&2\n    exit 1\nfi\n# This output is used by Xcode 'outputs' to avoid re-running this script phase.\necho \"SUCCESS\" > \"${SCRIPT_OUTPUT_FILE_0}\"\n";
			showEnvVarsInLog = 0;
		};
		DABCDBD95BC90F6D0A6768F1 /* [CP] Embed Pods Frameworks */ = {
			isa = PBXShellScriptBuildPhase;
			buildActionMask = 2147483647;
			files = (
			);
			inputFileListPaths = (
			);
			inputPaths = (
				"${SRCROOT}/Pods/Target Support Files/Pods-SimpleCamMapExample/Pods-SimpleCamMapExample-frameworks.sh",
				"${BUILT_PRODUCTS_DIR}/CamMap/CamMap.framework",
				"${BUILT_PRODUCTS_DIR}/SnapKit/SnapKit.framework",
			);
			name = "[CP] Embed Pods Frameworks";
			outputFileListPaths = (
			);
			outputPaths = (
				"${TARGET_BUILD_DIR}/${FRAMEWORKS_FOLDER_PATH}/CamMap.framework",
				"${TARGET_BUILD_DIR}/${FRAMEWORKS_FOLDER_PATH}/SnapKit.framework",
			);
			runOnlyForDeploymentPostprocessing = 0;
			shellPath = /bin/sh;
			shellScript = "\"${SRCROOT}/Pods/Target Support Files/Pods-SimpleCamMapExample/Pods-SimpleCamMapExample-frameworks.sh\"\n";
			showEnvVarsInLog = 0;
		};
/* End PBXShellScriptBuildPhase section */

/* Begin PBXSourcesBuildPhase section */
		57F0ED94218350470044E781 /* Sources */ = {
			isa = PBXSourcesBuildPhase;
			buildActionMask = 2147483647;
			files = (
				57F0ED9E218350470044E781 /* ViewController.swift in Sources */,
				57F0ED9C218350470044E781 /* AppDelegate.swift in Sources */,
			);
			runOnlyForDeploymentPostprocessing = 0;
		};
/* End PBXSourcesBuildPhase section */

/* Begin PBXVariantGroup section */
		57F0ED9F218350470044E781 /* Main.storyboard */ = {
			isa = PBXVariantGroup;
			children = (
				57F0EDA0218350470044E781 /* Base */,
			);
			name = Main.storyboard;
			sourceTree = "<group>";
		};
		57F0EDA4218350480044E781 /* LaunchScreen.storyboard */ = {
			isa = PBXVariantGroup;
			children = (
				57F0EDA5218350480044E781 /* Base */,
			);
			name = LaunchScreen.storyboard;
			sourceTree = "<group>";
		};
/* End PBXVariantGroup section */

/* Begin XCBuildConfiguration section */
		57F0EDA8218350480044E781 /* Debug */ = {
			isa = XCBuildConfiguration;
			buildSettings = {
				ALWAYS_SEARCH_USER_PATHS = NO;
				CLANG_ANALYZER_NONNULL = YES;
				CLANG_ANALYZER_NUMBER_OBJECT_CONVERSION = YES_AGGRESSIVE;
				CLANG_CXX_LANGUAGE_STANDARD = "gnu++14";
				CLANG_CXX_LIBRARY = "libc++";
				CLANG_ENABLE_MODULES = YES;
				CLANG_ENABLE_OBJC_ARC = YES;
				CLANG_ENABLE_OBJC_WEAK = YES;
				CLANG_WARN_BLOCK_CAPTURE_AUTORELEASING = YES;
				CLANG_WARN_BOOL_CONVERSION = YES;
				CLANG_WARN_COMMA = YES;
				CLANG_WARN_CONSTANT_CONVERSION = YES;
				CLANG_WARN_DEPRECATED_OBJC_IMPLEMENTATIONS = YES;
				CLANG_WARN_DIRECT_OBJC_ISA_USAGE = YES_ERROR;
				CLANG_WARN_DOCUMENTATION_COMMENTS = YES;
				CLANG_WARN_EMPTY_BODY = YES;
				CLANG_WARN_ENUM_CONVERSION = YES;
				CLANG_WARN_INFINITE_RECURSION = YES;
				CLANG_WARN_INT_CONVERSION = YES;
				CLANG_WARN_NON_LITERAL_NULL_CONVERSION = YES;
				CLANG_WARN_OBJC_IMPLICIT_RETAIN_SELF = YES;
				CLANG_WARN_OBJC_LITERAL_CONVERSION = YES;
				CLANG_WARN_OBJC_ROOT_CLASS = YES_ERROR;
				CLANG_WARN_RANGE_LOOP_ANALYSIS = YES;
				CLANG_WARN_STRICT_PROTOTYPES = YES;
				CLANG_WARN_SUSPICIOUS_MOVE = YES;
				CLANG_WARN_UNGUARDED_AVAILABILITY = YES_AGGRESSIVE;
				CLANG_WARN_UNREACHABLE_CODE = YES;
				CLANG_WARN__DUPLICATE_METHOD_MATCH = YES;
				CODE_SIGN_IDENTITY = "iPhone Developer";
				COPY_PHASE_STRIP = NO;
				DEBUG_INFORMATION_FORMAT = dwarf;
				ENABLE_STRICT_OBJC_MSGSEND = YES;
				ENABLE_TESTABILITY = YES;
				GCC_C_LANGUAGE_STANDARD = gnu11;
				GCC_DYNAMIC_NO_PIC = NO;
				GCC_NO_COMMON_BLOCKS = YES;
				GCC_OPTIMIZATION_LEVEL = 0;
				GCC_PREPROCESSOR_DEFINITIONS = (
					"DEBUG=1",
					"$(inherited)",
				);
				GCC_WARN_64_TO_32_BIT_CONVERSION = YES;
				GCC_WARN_ABOUT_RETURN_TYPE = YES_ERROR;
				GCC_WARN_UNDECLARED_SELECTOR = YES;
				GCC_WARN_UNINITIALIZED_AUTOS = YES_AGGRESSIVE;
				GCC_WARN_UNUSED_FUNCTION = YES;
				GCC_WARN_UNUSED_VARIABLE = YES;
				IPHONEOS_DEPLOYMENT_TARGET = 12.0;
				MTL_ENABLE_DEBUG_INFO = INCLUDE_SOURCE;
				MTL_FAST_MATH = YES;
				ONLY_ACTIVE_ARCH = YES;
				SDKROOT = iphoneos;
				SWIFT_ACTIVE_COMPILATION_CONDITIONS = DEBUG;
				SWIFT_OPTIMIZATION_LEVEL = "-Onone";
			};
			name = Debug;
		};
		57F0EDA9218350480044E781 /* Release */ = {
			isa = XCBuildConfiguration;
			buildSettings = {
				ALWAYS_SEARCH_USER_PATHS = NO;
				CLANG_ANALYZER_NONNULL = YES;
				CLANG_ANALYZER_NUMBER_OBJECT_CONVERSION = YES_AGGRESSIVE;
				CLANG_CXX_LANGUAGE_STANDARD = "gnu++14";
				CLANG_CXX_LIBRARY = "libc++";
				CLANG_ENABLE_MODULES = YES;
				CLANG_ENABLE_OBJC_ARC = YES;
				CLANG_ENABLE_OBJC_WEAK = YES;
				CLANG_WARN_BLOCK_CAPTURE_AUTORELEASING = YES;
				CLANG_WARN_BOOL_CONVERSION = YES;
				CLANG_WARN_COMMA = YES;
				CLANG_WARN_CONSTANT_CONVERSION = YES;
				CLANG_WARN_DEPRECATED_OBJC_IMPLEMENTATIONS = YES;
				CLANG_WARN_DIRECT_OBJC_ISA_USAGE = YES_ERROR;
				CLANG_WARN_DOCUMENTATION_COMMENTS = YES;
				CLANG_WARN_EMPTY_BODY = YES;
				CLANG_WARN_ENUM_CONVERSION = YES;
				CLANG_WARN_INFINITE_RECURSION = YES;
				CLANG_WARN_INT_CONVERSION = YES;
				CLANG_WARN_NON_LITERAL_NULL_CONVERSION = YES;
				CLANG_WARN_OBJC_IMPLICIT_RETAIN_SELF = YES;
				CLANG_WARN_OBJC_LITERAL_CONVERSION = YES;
				CLANG_WARN_OBJC_ROOT_CLASS = YES_ERROR;
				CLANG_WARN_RANGE_LOOP_ANALYSIS = YES;
				CLANG_WARN_STRICT_PROTOTYPES = YES;
				CLANG_WARN_SUSPICIOUS_MOVE = YES;
				CLANG_WARN_UNGUARDED_AVAILABILITY = YES_AGGRESSIVE;
				CLANG_WARN_UNREACHABLE_CODE = YES;
				CLANG_WARN__DUPLICATE_METHOD_MATCH = YES;
				CODE_SIGN_IDENTITY = "iPhone Developer";
				COPY_PHASE_STRIP = NO;
				DEBUG_INFORMATION_FORMAT = "dwarf-with-dsym";
				ENABLE_NS_ASSERTIONS = NO;
				ENABLE_STRICT_OBJC_MSGSEND = YES;
				GCC_C_LANGUAGE_STANDARD = gnu11;
				GCC_NO_COMMON_BLOCKS = YES;
				GCC_WARN_64_TO_32_BIT_CONVERSION = YES;
				GCC_WARN_ABOUT_RETURN_TYPE = YES_ERROR;
				GCC_WARN_UNDECLARED_SELECTOR = YES;
				GCC_WARN_UNINITIALIZED_AUTOS = YES_AGGRESSIVE;
				GCC_WARN_UNUSED_FUNCTION = YES;
				GCC_WARN_UNUSED_VARIABLE = YES;
				IPHONEOS_DEPLOYMENT_TARGET = 12.0;
				MTL_ENABLE_DEBUG_INFO = NO;
				MTL_FAST_MATH = YES;
				SDKROOT = iphoneos;
				SWIFT_COMPILATION_MODE = wholemodule;
				SWIFT_OPTIMIZATION_LEVEL = "-O";
				VALIDATE_PRODUCT = YES;
			};
			name = Release;
		};
		57F0EDAB218350480044E781 /* Debug */ = {
			isa = XCBuildConfiguration;
			baseConfigurationReference = C3CF7498F31ACC5E63D27A03 /* Pods-SimpleCamMapExample.debug.xcconfig */;
			buildSettings = {
				ASSETCATALOG_COMPILER_APPICON_NAME = AppIcon;
				CODE_SIGN_STYLE = Automatic;
				DEVELOPMENT_TEAM = 67458Y5PZQ;
				INFOPLIST_FILE = SimpleCamMapExample/Info.plist;
				LD_RUNPATH_SEARCH_PATHS = (
					"$(inherited)",
					"@executable_path/Frameworks",
				);
				PRODUCT_BUNDLE_IDENTIFIER = me.humberaquino.SimpleCamMapExample;
				PRODUCT_NAME = "$(TARGET_NAME)";
				SWIFT_VERSION = 4.2;
				TARGETED_DEVICE_FAMILY = "1,2";
			};
			name = Debug;
		};
		57F0EDAC218350480044E781 /* Release */ = {
			isa = XCBuildConfiguration;
			baseConfigurationReference = 6A41725B301CA82A3903B64A /* Pods-SimpleCamMapExample.release.xcconfig */;
			buildSettings = {
				ASSETCATALOG_COMPILER_APPICON_NAME = AppIcon;
				CODE_SIGN_STYLE = Automatic;
				DEVELOPMENT_TEAM = 67458Y5PZQ;
				INFOPLIST_FILE = SimpleCamMapExample/Info.plist;
				LD_RUNPATH_SEARCH_PATHS = (
					"$(inherited)",
					"@executable_path/Frameworks",
				);
				PRODUCT_BUNDLE_IDENTIFIER = me.humberaquino.SimpleCamMapExample;
				PRODUCT_NAME = "$(TARGET_NAME)";
				SWIFT_VERSION = 4.2;
				TARGETED_DEVICE_FAMILY = "1,2";
			};
			name = Release;
		};
/* End XCBuildConfiguration section */

/* Begin XCConfigurationList section */
		57F0ED93218350470044E781 /* Build configuration list for PBXProject "SimpleCamMapExample" */ = {
			isa = XCConfigurationList;
			buildConfigurations = (
				57F0EDA8218350480044E781 /* Debug */,
				57F0EDA9218350480044E781 /* Release */,
			);
			defaultConfigurationIsVisible = 0;
			defaultConfigurationName = Release;
		};
		57F0EDAA218350480044E781 /* Build configuration list for PBXNativeTarget "SimpleCamMapExample" */ = {
			isa = XCConfigurationList;
			buildConfigurations = (
				57F0EDAB218350480044E781 /* Debug */,
				57F0EDAC218350480044E781 /* Release */,
			);
			defaultConfigurationIsVisible = 0;
			defaultConfigurationName = Release;
		};
/* End XCConfigurationList section */
	};
	rootObject = 57F0ED90218350470044E781 /* Project object */;
}
